
Microsoft Visual Studio Solution File, Format Version 12.00
# Visual Studio Version 17
VisualStudioVersion = 17.12.35527.113 d17.12
MinimumVisualStudioVersion = 10.0.40219.1
Project("{FAE04EC0-301F-11D3-BF4B-00C04F79EFBC}") = "KISSPrinciple", "KISSPrinciple\KISSPrinciple.csproj", "{844BF5A3-0598-4817-B2FD-36FB59EE6032}"
EndProject
Project("{FAE04EC0-301F-11D3-BF4B-00C04F79EFBC}") = "DRYPrinciple", "DRYPrinciple\DRYPrinciple.csproj", "{06ABEA5D-3F42-4132-920A-C2624BE0B19A}"
EndProject
Global
	GlobalSection(SolutionConfigurationPlatforms) = preSolution
		Debug|Any CPU = Debug|Any CPU
		Release|Any CPU = Release|Any CPU
	EndGlobalSection
	GlobalSection(ProjectConfigurationPlatforms) = postSolution
		{844BF5A3-0598-4817-B2FD-36FB59EE6032}.Debug|Any CPU.ActiveCfg = Debug|Any CPU
		{844BF5A3-0598-4817-B2FD-36FB59EE6032}.Debug|Any CPU.Build.0 = Debug|Any CPU
		{844BF5A3-0598-4817-B2FD-36FB59EE6032}.Release|Any CPU.ActiveCfg = Release|Any CPU
		{844BF5A3-0598-4817-B2FD-36FB59EE6032}.Release|Any CPU.Build.0 = Release|Any CPU
		{06ABEA5D-3F42-4132-920A-C2624BE0B19A}.Debug|Any CPU.ActiveCfg = Debug|Any CPU
		{06ABEA5D-3F42-4132-920A-C2624BE0B19A}.Debug|Any CPU.Build.0 = Debug|Any CPU
		{06ABEA5D-3F42-4132-920A-C2624BE0B19A}.Release|Any CPU.ActiveCfg = Release|Any CPU
		{06ABEA5D-3F42-4132-920A-C2624BE0B19A}.Release|Any CPU.Build.0 = Release|Any CPU
	EndGlobalSection
	GlobalSection(SolutionProperties) = preSolution
		HideSolutionNode = FALSE
	EndGlobalSection
EndGlobal
